// !$*UTF8*$!
{
	archiveVersion = 1;
	classes = {
	};
	objectVersion = 77;
	objects = {

/* Begin PBXBuildFile section */
		6DE505852F63C62200B1CAAF /* MCP in Frameworks */ = {isa = PBXBuildFile; productRef = A10000012F70000100000003 /* MCP */; };
		6DE505862F63C62200B1CAAF /* JSONSchema in Frameworks */ = {isa = PBXBuildFile; productRef = A10000012F70000100000004 /* JSONSchema */; };
/* End PBXBuildFile section */

/* Begin PBXContainerItemProxy section */
		6DE504842F639FCE00B1CAAF /* PBXContainerItemProxy */ = {
			isa = PBXContainerItemProxy;
			containerPortal = 6DE5046C2F639FCC00B1CAAF /* Project object */;
			proxyType = 1;
			remoteGlobalIDString = 6DE504732F639FCC00B1CAAF;
			remoteInfo = Rhythm;
		};
		6DE5048E2F639FCE00B1CAAF /* PBXContainerItemProxy */ = {
			isa = PBXContainerItemProxy;
			containerPortal = 6DE5046C2F639FCC00B1CAAF /* Project object */;
			proxyType = 1;
			remoteGlobalIDString = 6DE504732F639FCC00B1CAAF;
			remoteInfo = Rhythm;
		};
/* End PBXContainerItemProxy section */

/* Begin PBXFileReference section */
		6DE504742F639FCC00B1CAAF /* Rhythm.app */ = {isa = PBXFileReference; explicitFileType = wrapper.application; includeInIndex = 0; path = Rhythm.app; sourceTree = BUILT_PRODUCTS_DIR; };
		6DE504832F639FCE00B1CAAF /* RhythmTests.xctest */ = {isa = PBXFileReference; explicitFileType = wrapper.cfbundle; includeInIndex = 0; path = RhythmTests.xctest; sourceTree = BUILT_PRODUCTS_DIR; };
		6DE5048D2F639FCE00B1CAAF /* RhythmUITests.xctest */ = {isa = PBXFileReference; explicitFileType = wrapper.cfbundle; includeInIndex = 0; path = RhythmUITests.xctest; sourceTree = BUILT_PRODUCTS_DIR; };
/* End PBXFileReference section */

/* Begin PBXFileSystemSynchronizedRootGroup section */
		6DE504762F639FCC00B1CAAF /* Rhythm */ = {
			isa = PBXFileSystemSynchronizedRootGroup;
			path = Rhythm;
			sourceTree = "<group>";
		};
		6DE504862F639FCE00B1CAAF /* RhythmTests */ = {
			isa = PBXFileSystemSynchronizedRootGroup;
			path = RhythmTests;
			sourceTree = "<group>";
		};
		6DE504902F639FCE00B1CAAF /* RhythmUITests */ = {
			isa = PBXFileSystemSynchronizedRootGroup;
			path = RhythmUITests;
			sourceTree = "<group>";
		};
/* End PBXFileSystemSynchronizedRootGroup section */

/* Begin PBXFrameworksBuildPhase section */
		6DE504712F639FCC00B1CAAF /* Frameworks */ = {
			isa = PBXFrameworksBuildPhase;
			buildActionMask = 2147483647;
			files = (
				6DE505862F63C62200B1CAAF /* JSONSchema in Frameworks */,
				6DE505852F63C62200B1CAAF /* MCP in Frameworks */,
			);
			runOnlyForDeploymentPostprocessing = 0;
		};
		6DE504802F639FCE00B1CAAF /* Frameworks */ = {
			isa = PBXFrameworksBuildPhase;
			buildActionMask = 2147483647;
			files = (
			);
			runOnlyForDeploymentPostprocessing = 0;
		};
		6DE5048A2F639FCE00B1CAAF /* Frameworks */ = {
			isa = PBXFrameworksBuildPhase;
			buildActionMask = 2147483647;
			files = (
			);
			runOnlyForDeploymentPostprocessing = 0;
		};
/* End PBXFrameworksBuildPhase section */

/* Begin PBXGroup section */
		6DE5046B2F639FCC00B1CAAF = {
			isa = PBXGroup;
			children = (
				6DE504762F639FCC00B1CAAF /* Rhythm */,
				6DE504862F639FCE00B1CAAF /* RhythmTests */,
				6DE504902F639FCE00B1CAAF /* RhythmUITests */,
				6DE504752F639FCC00B1CAAF /* Products */,
			);
			sourceTree = "<group>";
		};
		6DE504752F639FCC00B1CAAF /* Products */ = {
			isa = PBXGroup;
			children = (
				6DE504742F639FCC00B1CAAF /* Rhythm.app */,
				6DE504832F639FCE00B1CAAF /* RhythmTests.xctest */,
				6DE5048D2F639FCE00B1CAAF /* RhythmUITests.xctest */,
			);
			name = Products;
			sourceTree = "<group>";
		};
/* End PBXGroup section */

/* Begin PBXNativeTarget section */
		6DE504732F639FCC00B1CAAF /* Rhythm */ = {
			isa = PBXNativeTarget;
			buildConfigurationList = 6DE504972F639FCE00B1CAAF /* Build configuration list for PBXNativeTarget "Rhythm" */;
			buildPhases = (
				6DE504702F639FCC00B1CAAF /* Sources */,
				6DE504712F639FCC00B1CAAF /* Frameworks */,
				6DE504722F639FCC00B1CAAF /* Resources */,
				A10000012F80000100000001 /* Build rhythm-server */,
			);
			buildRules = (
			);
			dependencies = (
			);
			fileSystemSynchronizedGroups = (
				6DE504762F639FCC00B1CAAF /* Rhythm */,
			);
			name = Rhythm;
			packageProductDependencies = (
				A10000012F70000100000003 /* MCP */,
				A10000012F70000100000004 /* JSONSchema */,
			);
			productName = Rhythm;
			productReference = 6DE504742F639FCC00B1CAAF /* Rhythm.app */;
			productType = "com.apple.product-type.application";
		};
		6DE504822F639FCE00B1CAAF /* RhythmTests */ = {
			isa = PBXNativeTarget;
			buildConfigurationList = 6DE5049A2F639FCE00B1CAAF /* Build configuration list for PBXNativeTarget "RhythmTests" */;
			buildPhases = (
				6DE5047F2F639FCE00B1CAAF /* Sources */,
				6DE504802F639FCE00B1CAAF /* Frameworks */,
				6DE504812F639FCE00B1CAAF /* Resources */,
			);
			buildRules = (
			);
			dependencies = (
				6DE504852F639FCE00B1CAAF /* PBXTargetDependency */,
			);
			fileSystemSynchronizedGroups = (
				6DE504862F639FCE00B1CAAF /* RhythmTests */,
			);
			name = RhythmTests;
			packageProductDependencies = (
			);
			productName = RhythmTests;
			productReference = 6DE504832F639FCE00B1CAAF /* RhythmTests.xctest */;
			productType = "com.apple.product-type.bundle.unit-test";
		};
		6DE5048C2F639FCE00B1CAAF /* RhythmUITests */ = {
			isa = PBXNativeTarget;
			buildConfigurationList = 6DE5049D2F639FCE00B1CAAF /* Build configuration list for PBXNativeTarget "RhythmUITests" */;
			buildPhases = (
				6DE504892F639FCE00B1CAAF /* Sources */,
				6DE5048A2F639FCE00B1CAAF /* Frameworks */,
				6DE5048B2F639FCE00B1CAAF /* Resources */,
			);
			buildRules = (
			);
			dependencies = (
				6DE5048F2F639FCE00B1CAAF /* PBXTargetDependency */,
			);
			fileSystemSynchronizedGroups = (
				6DE504902F639FCE00B1CAAF /* RhythmUITests */,
			);
			name = RhythmUITests;
			packageProductDependencies = (
			);
			productName = RhythmUITests;
			productReference = 6DE5048D2F639FCE00B1CAAF /* RhythmUITests.xctest */;
			productType = "com.apple.product-type.bundle.ui-testing";
		};
/* End PBXNativeTarget section */

/* Begin PBXProject section */
		6DE5046C2F639FCC00B1CAAF /* Project object */ = {
			isa = PBXProject;
			attributes = {
				BuildIndependentTargetsInParallel = 1;
				LastSwiftUpdateCheck = 2630;
				LastUpgradeCheck = 2630;
				TargetAttributes = {
					6DE504732F639FCC00B1CAAF = {
						CreatedOnToolsVersion = 26.3;
					};
					6DE504822F639FCE00B1CAAF = {
						CreatedOnToolsVersion = 26.3;
						TestTargetID = 6DE504732F639FCC00B1CAAF;
					};
					6DE5048C2F639FCE00B1CAAF = {
						CreatedOnToolsVersion = 26.3;
						TestTargetID = 6DE504732F639FCC00B1CAAF;
					};
				};
			};
			buildConfigurationList = 6DE5046F2F639FCC00B1CAAF /* Build configuration list for PBXProject "Rhythm" */;
			developmentRegion = en;
			hasScannedForEncodings = 0;
			knownRegions = (
				en,
				Base,
			);
			mainGroup = 6DE5046B2F639FCC00B1CAAF;
			minimizedProjectReferenceProxies = 1;
			packageReferences = (
				A10000012F70000100000001 /* XCRemoteSwiftPackageReference "swift-sdk" */,
				A10000012F70000100000002 /* XCRemoteSwiftPackageReference "JSONSchema" */,
			);
			preferredProjectObjectVersion = 77;
			productRefGroup = 6DE504752F639FCC00B1CAAF /* Products */;
			projectDirPath = "";
			projectRoot = "";
			targets = (
				6DE504732F639FCC00B1CAAF /* Rhythm */,
				6DE504822F639FCE00B1CAAF /* RhythmTests */,
				6DE5048C2F639FCE00B1CAAF /* RhythmUITests */,
			);
		};
/* End PBXProject section */

/* Begin PBXResourcesBuildPhase section */
		6DE504722F639FCC00B1CAAF /* Resources */ = {
			isa = PBXResourcesBuildPhase;
			buildActionMask = 2147483647;
			files = (
			);
			runOnlyForDeploymentPostprocessing = 0;
		};
		6DE504812F639FCE00B1CAAF /* Resources */ = {
			isa = PBXResourcesBuildPhase;
			buildActionMask = 2147483647;
			files = (
			);
			runOnlyForDeploymentPostprocessing = 0;
		};
		6DE5048B2F639FCE00B1CAAF /* Resources */ = {
			isa = PBXResourcesBuildPhase;
			buildActionMask = 2147483647;
			files = (
			);
			runOnlyForDeploymentPostprocessing = 0;
		};
/* End PBXResourcesBuildPhase section */

/* Begin PBXShellScriptBuildPhase section */
		A10000012F80000100000001 /* Build rhythm-server */ = {
			isa = PBXShellScriptBuildPhase;
			buildActionMask = 2147483647;
			files = (
			);
			inputFileListPaths = (
			);
			inputPaths = (
				"$(PROJECT_DIR)/CLI/main.swift",
			);
			name = "Build rhythm-server";
			outputFileListPaths = (
			);
			outputPaths = (
				"$(TARGET_BUILD_DIR)/$(CONTENTS_FOLDER_PATH)/MacOS/rhythm-server",
			);
			runOnlyForDeploymentPostprocessing = 0;
			shellPath = /bin/sh;
			shellScript = "set -euo pipefail\nCLI_SOURCE=\"$PROJECT_DIR/CLI/main.swift\"\nCLI_OUTPUT=\"$TARGET_BUILD_DIR/$CONTENTS_FOLDER_PATH/MacOS/rhythm-server\"\nSDK_PATH=\"$(xcrun --sdk macosx --show-sdk-path)\"\nSWIFTC=\"$(xcrun --find swiftc)\"\nARCH=\"${NATIVE_ARCH_ACTUAL:-${CURRENT_ARCH:-}}\"\nif [ -z \"$ARCH\" ] || [ \"$ARCH\" = \"undefined_arch\" ]; then\n  ARCH=\"${ARCHS%% *}\"\nfi\nif [ -z \"$ARCH\" ] || [ \"$ARCH\" = \"undefined_arch\" ]; then\n  ARCH=\"$(uname -m)\"\nfi\nDEPLOYMENT_TARGET=\"${MACOSX_DEPLOYMENT_TARGET:-13.0}\"\nmkdir -p \"$(dirname \"$CLI_OUTPUT\")\"\nif [ \"$CONFIGURATION\" = \"Release\" ]; then\n  SWIFT_OPTIMIZATION=\"-O\"\nelse\n  SWIFT_OPTIMIZATION=\"-Onone\"\nfi\n\"$SWIFTC\" \\\n  -parse-as-library \\\n  -sdk \"$SDK_PATH\" \\\n  -target \"$ARCH-apple-macos$DEPLOYMENT_TARGET\" \\\n  \"$SWIFT_OPTIMIZATION\" \\\n  -Xlinker -rpath \\\n  -Xlinker @executable_path/../Frameworks \\\n  \"$CLI_SOURCE\" \\\n  -o \"$CLI_OUTPUT\"\n";
			showEnvVarsInLog = 0;
		};
/* End PBXShellScriptBuildPhase section */

/* Begin PBXSourcesBuildPhase section */
		6DE504702F639FCC00B1CAAF /* Sources */ = {
			isa = PBXSourcesBuildPhase;
			buildActionMask = 2147483647;
			files = (
			);
			runOnlyForDeploymentPostprocessing = 0;
		};
		6DE5047F2F639FCE00B1CAAF /* Sources */ = {
			isa = PBXSourcesBuildPhase;
			buildActionMask = 2147483647;
			files = (
			);
			runOnlyForDeploymentPostprocessing = 0;
		};
		6DE504892F639FCE00B1CAAF /* Sources */ = {
			isa = PBXSourcesBuildPhase;
			buildActionMask = 2147483647;
			files = (
			);
			runOnlyForDeploymentPostprocessing = 0;
		};
/* End PBXSourcesBuildPhase section */

/* Begin PBXTargetDependency section */
		6DE504852F639FCE00B1CAAF /* PBXTargetDependency */ = {
			isa = PBXTargetDependency;
			target = 6DE504732F639FCC00B1CAAF /* Rhythm */;
			targetProxy = 6DE504842F639FCE00B1CAAF /* PBXContainerItemProxy */;
		};
		6DE5048F2F639FCE00B1CAAF /* PBXTargetDependency */ = {
			isa = PBXTargetDependency;
			target = 6DE504732F639FCC00B1CAAF /* Rhythm */;
			targetProxy = 6DE5048E2F639FCE00B1CAAF /* PBXContainerItemProxy */;
		};
/* End PBXTargetDependency section */

/* Begin XCBuildConfiguration section */
		6DE504952F639FCE00B1CAAF /* Debug */ = {
			isa = XCBuildConfiguration;
			buildSettings = {
				ALWAYS_SEARCH_USER_PATHS = NO;
				ASSETCATALOG_COMPILER_GENERATE_SWIFT_ASSET_SYMBOL_EXTENSIONS = YES;
				CLANG_ANALYZER_NONNULL = YES;
				CLANG_ANALYZER_NUMBER_OBJECT_CONVERSION = YES_AGGRESSIVE;
				CLANG_CXX_LANGUAGE_STANDARD = "gnu++20";
				CLANG_ENABLE_MODULES = YES;
				CLANG_ENABLE_OBJC_ARC = YES;
				CLANG_ENABLE_OBJC_WEAK = YES;
				CLANG_WARN_BLOCK_CAPTURE_AUTORELEASING = YES;
				CLANG_WARN_BOOL_CONVERSION = YES;
				CLANG_WARN_COMMA = YES;
				CLANG_WARN_CONSTANT_CONVERSION = YES;
				CLANG_WARN_DEPRECATED_OBJC_IMPLEMENTATIONS = YES;
				CLANG_WARN_DIRECT_OBJC_ISA_USAGE = YES_ERROR;
				CLANG_WARN_DOCUMENTATION_COMMENTS = YES;
				CLANG_WARN_EMPTY_BODY = YES;
				CLANG_WARN_ENUM_CONVERSION = YES;
				CLANG_WARN_INFINITE_RECURSION = YES;
				CLANG_WARN_INT_CONVERSION = YES;
				CLANG_WARN_NON_LITERAL_NULL_CONVERSION = YES;
				CLANG_WARN_OBJC_IMPLICIT_RETAIN_SELF = YES;
				CLANG_WARN_OBJC_LITERAL_CONVERSION = YES;
				CLANG_WARN_OBJC_ROOT_CLASS = YES_ERROR;
				CLANG_WARN_QUOTED_INCLUDE_IN_FRAMEWORK_HEADER = YES;
				CLANG_WARN_RANGE_LOOP_ANALYSIS = YES;
				CLANG_WARN_STRICT_PROTOTYPES = YES;
				CLANG_WARN_SUSPICIOUS_MOVE = YES;
				CLANG_WARN_UNGUARDED_AVAILABILITY = YES_AGGRESSIVE;
				CLANG_WARN_UNREACHABLE_CODE = YES;
				CLANG_WARN__DUPLICATE_METHOD_MATCH = YES;
				COPY_PHASE_STRIP = NO;
				DEBUG_INFORMATION_FORMAT = dwarf;
				DEVELOPMENT_TEAM = 67BL3M4FPS;
				ENABLE_STRICT_OBJC_MSGSEND = YES;
				ENABLE_TESTABILITY = YES;
				ENABLE_USER_SCRIPT_SANDBOXING = YES;
				GCC_C_LANGUAGE_STANDARD = gnu17;
				GCC_DYNAMIC_NO_PIC = NO;
				GCC_NO_COMMON_BLOCKS = YES;
				GCC_OPTIMIZATION_LEVEL = 0;
				GCC_PREPROCESSOR_DEFINITIONS = (
					"DEBUG=1",
					"$(inherited)",
				);
				GCC_WARN_64_TO_32_BIT_CONVERSION = YES;
				GCC_WARN_ABOUT_RETURN_TYPE = YES_ERROR;
				GCC_WARN_UNDECLARED_SELECTOR = YES;
				GCC_WARN_UNINITIALIZED_AUTOS = YES_AGGRESSIVE;
				GCC_WARN_UNUSED_FUNCTION = YES;
				GCC_WARN_UNUSED_VARIABLE = YES;
				LOCALIZATION_PREFERS_STRING_CATALOGS = YES;
				MACOSX_DEPLOYMENT_TARGET = 26.2;
				MTL_ENABLE_DEBUG_INFO = INCLUDE_SOURCE;
				MTL_FAST_MATH = YES;
				ONLY_ACTIVE_ARCH = YES;
				SDKROOT = macosx;
				SWIFT_ACTIVE_COMPILATION_CONDITIONS = "DEBUG $(inherited)";
				SWIFT_OPTIMIZATION_LEVEL = "-Onone";
			};
			name = Debug;
		};
		6DE504962F639FCE00B1CAAF /* Release */ = {
			isa = XCBuildConfiguration;
			buildSettings = {
				ALWAYS_SEARCH_USER_PATHS = NO;
				ASSETCATALOG_COMPILER_GENERATE_SWIFT_ASSET_SYMBOL_EXTENSIONS = YES;
				CLANG_ANALYZER_NONNULL = YES;
				CLANG_ANALYZER_NUMBER_OBJECT_CONVERSION = YES_AGGRESSIVE;
				CLANG_CXX_LANGUAGE_STANDARD = "gnu++20";
				CLANG_ENABLE_MODULES = YES;
				CLANG_ENABLE_OBJC_ARC = YES;
				CLANG_ENABLE_OBJC_WEAK = YES;
				CLANG_WARN_BLOCK_CAPTURE_AUTORELEASING = YES;
				CLANG_WARN_BOOL_CONVERSION = YES;
				CLANG_WARN_COMMA = YES;
				CLANG_WARN_CONSTANT_CONVERSION = YES;
				CLANG_WARN_DEPRECATED_OBJC_IMPLEMENTATIONS = YES;
				CLANG_WARN_DIRECT_OBJC_ISA_USAGE = YES_ERROR;
				CLANG_WARN_DOCUMENTATION_COMMENTS = YES;
				CLANG_WARN_EMPTY_BODY = YES;
				CLANG_WARN_ENUM_CONVERSION = YES;
				CLANG_WARN_INFINITE_RECURSION = YES;
				CLANG_WARN_INT_CONVERSION = YES;
				CLANG_WARN_NON_LITERAL_NULL_CONVERSION = YES;
				CLANG_WARN_OBJC_IMPLICIT_RETAIN_SELF = YES;
				CLANG_WARN_OBJC_LITERAL_CONVERSION = YES;
				CLANG_WARN_OBJC_ROOT_CLASS = YES_ERROR;
				CLANG_WARN_QUOTED_INCLUDE_IN_FRAMEWORK_HEADER = YES;
				CLANG_WARN_RANGE_LOOP_ANALYSIS = YES;
				CLANG_WARN_STRICT_PROTOTYPES = YES;
				CLANG_WARN_SUSPICIOUS_MOVE = YES;
				CLANG_WARN_UNGUARDED_AVAILABILITY = YES_AGGRESSIVE;
				CLANG_WARN_UNREACHABLE_CODE = YES;
				CLANG_WARN__DUPLICATE_METHOD_MATCH = YES;
				COPY_PHASE_STRIP = NO;
				DEBUG_INFORMATION_FORMAT = "dwarf-with-dsym";
				DEVELOPMENT_TEAM = 67BL3M4FPS;
				ENABLE_NS_ASSERTIONS = NO;
				ENABLE_STRICT_OBJC_MSGSEND = YES;
				ENABLE_USER_SCRIPT_SANDBOXING = YES;
				GCC_C_LANGUAGE_STANDARD = gnu17;
				GCC_NO_COMMON_BLOCKS = YES;
				GCC_WARN_64_TO_32_BIT_CONVERSION = YES;
				GCC_WARN_ABOUT_RETURN_TYPE = YES_ERROR;
				GCC_WARN_UNDECLARED_SELECTOR = YES;
				GCC_WARN_UNINITIALIZED_AUTOS = YES_AGGRESSIVE;
				GCC_WARN_UNUSED_FUNCTION = YES;
				GCC_WARN_UNUSED_VARIABLE = YES;
				LOCALIZATION_PREFERS_STRING_CATALOGS = YES;
				MACOSX_DEPLOYMENT_TARGET = 26.2;
				MTL_ENABLE_DEBUG_INFO = NO;
				MTL_FAST_MATH = YES;
				SDKROOT = macosx;
				SWIFT_COMPILATION_MODE = wholemodule;
			};
			name = Release;
		};
		6DE504982F639FCE00B1CAAF /* Debug */ = {
			isa = XCBuildConfiguration;
			buildSettings = {
				ASSETCATALOG_COMPILER_APPICON_NAME = AppIcon;
				ASSETCATALOG_COMPILER_GLOBAL_ACCENT_COLOR_NAME = AccentColor;
				CODE_SIGN_ENTITLEMENTS = Rhythm/Rhythm.entitlements;
				CODE_SIGN_STYLE = Automatic;
				COMBINE_HIDPI_IMAGES = YES;
				CURRENT_PROJECT_VERSION = 1;
				DEVELOPMENT_TEAM = 67BL3M4FPS;
				ENABLE_APP_SANDBOX = YES;
				ENABLE_HARDENED_RUNTIME = YES;
				ENABLE_PREVIEWS = YES;
				ENABLE_USER_SELECTED_FILES = readonly;
				GENERATE_INFOPLIST_FILE = YES;
				INFOPLIST_KEY_NSCalendarsFullAccessUsageDescription = "Rhythm needs calendar access to show your upcoming events.";
				INFOPLIST_KEY_NSHumanReadableCopyright = "";
				LD_RUNPATH_SEARCH_PATHS = (
					"$(inherited)",
					"@executable_path/../Frameworks",
				);
				MARKETING_VERSION = 1.0;
				PRODUCT_BUNDLE_IDENTIFIER = NaichengDeng.Rhythm;
				PRODUCT_NAME = "$(TARGET_NAME)";
				REGISTER_APP_GROUPS = YES;
				STRING_CATALOG_GENERATE_SYMBOLS = YES;
				SWIFT_APPROACHABLE_CONCURRENCY = YES;
				SWIFT_DEFAULT_ACTOR_ISOLATION = MainActor;
				SWIFT_EMIT_LOC_STRINGS = YES;
				SWIFT_UPCOMING_FEATURE_MEMBER_IMPORT_VISIBILITY = YES;
				SWIFT_VERSION = 5.0;
			};
			name = Debug;
		};
		6DE504992F639FCE00B1CAAF /* Release */ = {
			isa = XCBuildConfiguration;
			buildSettings = {
				ASSETCATALOG_COMPILER_APPICON_NAME = AppIcon;
				ASSETCATALOG_COMPILER_GLOBAL_ACCENT_COLOR_NAME = AccentColor;
				CODE_SIGN_ENTITLEMENTS = Rhythm/Rhythm.entitlements;
				CODE_SIGN_STYLE = Automatic;
				COMBINE_HIDPI_IMAGES = YES;
				CURRENT_PROJECT_VERSION = 1;
				DEVELOPMENT_TEAM = 67BL3M4FPS;
				ENABLE_APP_SANDBOX = YES;
				ENABLE_HARDENED_RUNTIME = YES;
				ENABLE_PREVIEWS = YES;
				ENABLE_USER_SELECTED_FILES = readonly;
				GENERATE_INFOPLIST_FILE = YES;
				INFOPLIST_KEY_NSCalendarsFullAccessUsageDescription = "Rhythm needs calendar access to show your upcoming events.";
				INFOPLIST_KEY_NSHumanReadableCopyright = "";
				LD_RUNPATH_SEARCH_PATHS = (
					"$(inherited)",
					"@executable_path/../Frameworks",
				);
				MARKETING_VERSION = 1.0;
				PRODUCT_BUNDLE_IDENTIFIER = NaichengDeng.Rhythm;
				PRODUCT_NAME = "$(TARGET_NAME)";
				REGISTER_APP_GROUPS = YES;
				STRING_CATALOG_GENERATE_SYMBOLS = YES;
				SWIFT_APPROACHABLE_CONCURRENCY = YES;
				SWIFT_DEFAULT_ACTOR_ISOLATION = MainActor;
				SWIFT_EMIT_LOC_STRINGS = YES;
				SWIFT_UPCOMING_FEATURE_MEMBER_IMPORT_VISIBILITY = YES;
				SWIFT_VERSION = 5.0;
			};
			name = Release;
		};
		6DE5049B2F639FCE00B1CAAF /* Debug */ = {
			isa = XCBuildConfiguration;
			buildSettings = {
				BUNDLE_LOADER = "$(TEST_HOST)";
				CODE_SIGN_STYLE = Automatic;
				CURRENT_PROJECT_VERSION = 1;
				DEVELOPMENT_TEAM = 67BL3M4FPS;
				GENERATE_INFOPLIST_FILE = YES;
				MACOSX_DEPLOYMENT_TARGET = 26.2;
				MARKETING_VERSION = 1.0;
				PRODUCT_BUNDLE_IDENTIFIER = NaichengDeng.RhythmTests;
				PRODUCT_NAME = "$(TARGET_NAME)";
				STRING_CATALOG_GENERATE_SYMBOLS = NO;
				SWIFT_APPROACHABLE_CONCURRENCY = YES;
				SWIFT_EMIT_LOC_STRINGS = NO;
				SWIFT_UPCOMING_FEATURE_MEMBER_IMPORT_VISIBILITY = YES;
				SWIFT_VERSION = 5.0;
				TEST_HOST = "$(BUILT_PRODUCTS_DIR)/Rhythm.app/$(BUNDLE_EXECUTABLE_FOLDER_PATH)/Rhythm";
			};
			name = Debug;
		};
		6DE5049C2F639FCE00B1CAAF /* Release */ = {
			isa = XCBuildConfiguration;
			buildSettings = {
				BUNDLE_LOADER = "$(TEST_HOST)";
				CODE_SIGN_STYLE = Automatic;
				CURRENT_PROJECT_VERSION = 1;
				DEVELOPMENT_TEAM = 67BL3M4FPS;
				GENERATE_INFOPLIST_FILE = YES;
				MACOSX_DEPLOYMENT_TARGET = 26.2;
				MARKETING_VERSION = 1.0;
				PRODUCT_BUNDLE_IDENTIFIER = NaichengDeng.RhythmTests;
				PRODUCT_NAME = "$(TARGET_NAME)";
				STRING_CATALOG_GENERATE_SYMBOLS = NO;
				SWIFT_APPROACHABLE_CONCURRENCY = YES;
				SWIFT_EMIT_LOC_STRINGS = NO;
				SWIFT_UPCOMING_FEATURE_MEMBER_IMPORT_VISIBILITY = YES;
				SWIFT_VERSION = 5.0;
				TEST_HOST = "$(BUILT_PRODUCTS_DIR)/Rhythm.app/$(BUNDLE_EXECUTABLE_FOLDER_PATH)/Rhythm";
			};
			name = Release;
		};
		6DE5049E2F639FCE00B1CAAF /* Debug */ = {
			isa = XCBuildConfiguration;
			buildSettings = {
				CODE_SIGN_STYLE = Automatic;
				CURRENT_PROJECT_VERSION = 1;
				DEVELOPMENT_TEAM = 67BL3M4FPS;
				GENERATE_INFOPLIST_FILE = YES;
				MARKETING_VERSION = 1.0;
				PRODUCT_BUNDLE_IDENTIFIER = NaichengDeng.RhythmUITests;
				PRODUCT_NAME = "$(TARGET_NAME)";
				STRING_CATALOG_GENERATE_SYMBOLS = NO;
				SWIFT_APPROACHABLE_CONCURRENCY = YES;
				SWIFT_EMIT_LOC_STRINGS = NO;
				SWIFT_UPCOMING_FEATURE_MEMBER_IMPORT_VISIBILITY = YES;
				SWIFT_VERSION = 5.0;
				TEST_TARGET_NAME = Rhythm;
			};
			name = Debug;
		};
		6DE5049F2F639FCE00B1CAAF /* Release */ = {
			isa = XCBuildConfiguration;
			buildSettings = {
				CODE_SIGN_STYLE = Automatic;
				CURRENT_PROJECT_VERSION = 1;
				DEVELOPMENT_TEAM = 67BL3M4FPS;
				GENERATE_INFOPLIST_FILE = YES;
				MARKETING_VERSION = 1.0;
				PRODUCT_BUNDLE_IDENTIFIER = NaichengDeng.RhythmUITests;
				PRODUCT_NAME = "$(TARGET_NAME)";
				STRING_CATALOG_GENERATE_SYMBOLS = NO;
				SWIFT_APPROACHABLE_CONCURRENCY = YES;
				SWIFT_EMIT_LOC_STRINGS = NO;
				SWIFT_UPCOMING_FEATURE_MEMBER_IMPORT_VISIBILITY = YES;
				SWIFT_VERSION = 5.0;
				TEST_TARGET_NAME = Rhythm;
			};
			name = Release;
		};
/* End XCBuildConfiguration section */

/* Begin XCConfigurationList section */
		6DE5046F2F639FCC00B1CAAF /* Build configuration list for PBXProject "Rhythm" */ = {
			isa = XCConfigurationList;
			buildConfigurations = (
				6DE504952F639FCE00B1CAAF /* Debug */,
				6DE504962F639FCE00B1CAAF /* Release */,
			);
			defaultConfigurationIsVisible = 0;
			defaultConfigurationName = Release;
		};
		6DE504972F639FCE00B1CAAF /* Build configuration list for PBXNativeTarget "Rhythm" */ = {
			isa = XCConfigurationList;
			buildConfigurations = (
				6DE504982F639FCE00B1CAAF /* Debug */,
				6DE504992F639FCE00B1CAAF /* Release */,
			);
			defaultConfigurationIsVisible = 0;
			defaultConfigurationName = Release;
		};
		6DE5049A2F639FCE00B1CAAF /* Build configuration list for PBXNativeTarget "RhythmTests" */ = {
			isa = XCConfigurationList;
			buildConfigurations = (
				6DE5049B2F639FCE00B1CAAF /* Debug */,
				6DE5049C2F639FCE00B1CAAF /* Release */,
			);
			defaultConfigurationIsVisible = 0;
			defaultConfigurationName = Release;
		};
		6DE5049D2F639FCE00B1CAAF /* Build configuration list for PBXNativeTarget "RhythmUITests" */ = {
			isa = XCConfigurationList;
			buildConfigurations = (
				6DE5049E2F639FCE00B1CAAF /* Debug */,
				6DE5049F2F639FCE00B1CAAF /* Release */,
			);
			defaultConfigurationIsVisible = 0;
			defaultConfigurationName = Release;
		};
/* End XCConfigurationList section */

/* Begin XCRemoteSwiftPackageReference section */
		A10000012F70000100000001 /* XCRemoteSwiftPackageReference "swift-sdk" */ = {
			isa = XCRemoteSwiftPackageReference;
			repositoryURL = "https://github.com/modelcontextprotocol/swift-sdk";
			requirement = {
				kind = upToNextMajorVersion;
				minimumVersion = 0.11.0;
			};
		};
		A10000012F70000100000002 /* XCRemoteSwiftPackageReference "JSONSchema" */ = {
			isa = XCRemoteSwiftPackageReference;
			repositoryURL = "https://github.com/loopwork-ai/JSONSchema.git";
			requirement = {
				kind = upToNextMajorVersion;
				minimumVersion = 1.3.1;
			};
		};
/* End XCRemoteSwiftPackageReference section */

/* Begin XCSwiftPackageProductDependency section */
		A10000012F70000100000003 /* MCP */ = {
			isa = XCSwiftPackageProductDependency;
			package = A10000012F70000100000001 /* XCRemoteSwiftPackageReference "swift-sdk" */;
			productName = MCP;
		};
		A10000012F70000100000004 /* JSONSchema */ = {
			isa = XCSwiftPackageProductDependency;
			package = A10000012F70000100000002 /* XCRemoteSwiftPackageReference "JSONSchema" */;
			productName = JSONSchema;
		};
/* End XCSwiftPackageProductDependency section */
	};
	rootObject = 6DE5046C2F639FCC00B1CAAF /* Project object */;
}
